{
    "_meta": {
        "hash": {
            "sha256": "0d52e91b535579d724f14d3549f20a234182057117703fc15619c7191cd8f53b"
        },
        "pipfile-spec": 6,
        "requires": {
            "python_version": "3.6"
        },
        "sources": [
            {
                "name": "pypi",
                "url": "https://pypi.org/simple",
                "verify_ssl": true
            }
        ]
    },
    "default": {
        "numpy": {
            "hashes": [
                "sha256:0e2eed77804b2a6a88741f8fcac02c5499bba3953ec9c71e8b217fad4912c56c",
                "sha256:1c666f04553ef70fda54adf097dbae7080645435fc273e2397f26bbf1d127bbb",
                "sha256:1f46532afa7b2903bfb1b79becca2954c0a04389d19e03dc73f06b039048ac40",
                "sha256:315fa1b1dfc16ae0f03f8fd1c55f23fd15368710f641d570236f3d78af55e340",
                "sha256:3d5fcea4f5ed40c3280791d54da3ad2ecf896f4c87c877b113576b8280c59441",
                "sha256:48241759b99d60aba63b0e590332c600fc4b46ad597c9b0a53f350b871ef0634",
                "sha256:4b4f2924b36d857cf302aec369caac61e43500c17eeef0d7baacad1084c0ee84",
                "sha256:54fe3b7ed9e7eb928bbc4318f954d133851865f062fa4bbb02ef8940bc67b5d2",
                "sha256:5a8f021c70e6206c317974c93eaaf9bc2b56295b6b1cacccf88846e44a1f33fc",
                "sha256:754a6be26d938e6ca91942804eb209307b73f806a1721176278a6038869a1686",
                "sha256:771147e654e8b95eea1293174a94f34e2e77d5729ad44aefb62fbf8a79747a15",
                "sha256:78a6f89da87eeb48014ec652a65c4ffde370c036d780a995edaeb121d3625621",
                "sha256:7fde5c2a3a682a9e101e61d97696687ebdba47637611378b4127fe7e47fdf2bf",
                "sha256:80d99399c97f646e873dd8ce87c38cfdbb668956bbc39bc1e6cac4b515bba2a0",
                "sha256:88a72c1e45a0ae24d1f249a529d9f71fe82e6fa6a3fd61414b829396ec585900",
                "sha256:a4f4460877a16ac73302a9c077ca545498d9fe64e6a81398d8e1a67e4695e3df",
                "sha256:a61255a765b3ac73ee4b110b28fccfbf758c985677f526c2b4b39c48cc4b509d",
                "sha256:ab4896a8c910b9a04c0142871d8800c76c8a2e5ff44763513e1dd9d9631ce897",
                "sha256:abbd6b1c2ef6199f4b7ca9f818eb6b31f17b73a6110aadc4e4298c3f00fab24e",
                "sha256:b16d88da290334e33ea992c56492326ea3b06233a00a1855414360b77ca72f26",
                "sha256:b78a1defedb0e8f6ae1eb55fa6ac74ab42acc4569c3a2eacc2a407ee5d42ebcb",
                "sha256:cfef82c43b8b29ca436560d51b2251d5117818a8d1fb74a8384a83c096745dad",
                "sha256:d160e57731fcdec2beda807ebcabf39823c47e9409485b5a3a1db3a8c6ce763e"
            ],
            "index": "pypi",
            "version": "==1.16.3"
        }
    },
    "develop": {
        "atomicwrites": {
            "hashes": [
                "sha256:6d1784dea7c0c8d4a5172b6c620f40b6e4cbfdf96d783691f2e1302a7b88e197",
                "sha256:ae70396ad1a434f9c7046fd2dd196fc04b12f9e91ffb859164193be8b6168a7a"
            ],
            "version": "==1.4.0"
        },
        "attrs": {
            "hashes": [
                "sha256:149e90d6d8ac20db7a955ad60cf0e6881a3f20d37096140088356da6c716b0b1",
                "sha256:ef6aaac3ca6cd92904cdd0d83f629a15f18053ec84e6432106f7a4d04ae4f5fb"
            ],
            "version": "==21.2.0"
        },
        "importlib-metadata": {
            "hashes": [
                "sha256:833b26fb89d5de469b24a390e9df088d4e52e4ba33b01dc5e0e4f41b81a16c00",
                "sha256:b142cc1dd1342f31ff04bb7d022492b09920cb64fed867cd3ea6f80fe3ebd139"
            ],
            "markers": "python_version < '3.8'",
            "version": "==4.5.0"
        },
        "more-itertools": {
            "hashes": [
                "sha256:2cf89ec599962f2ddc4d568a05defc40e0a587fbc10d5989713638864c36be4d",
                "sha256:83f0308e05477c68f56ea3a888172c78ed5d5b3c282addb67508e7ba6c8f813a"
            ],
            "markers": "python_version > '2.7'",
            "version": "==8.8.0"
        },
        "pillow": {
            "hashes": [
                "sha256:01425106e4e8cee195a411f729cff2a7d61813b0b11737c12bd5991f5f14bcd5",
                "sha256:031a6c88c77d08aab84fecc05c3cde8414cd6f8406f4d2b16fed1e97634cc8a4",
                "sha256:083781abd261bdabf090ad07bb69f8f5599943ddb539d64497ed021b2a67e5a9",
                "sha256:0d19d70ee7c2ba97631bae1e7d4725cdb2ecf238178096e8c82ee481e189168a",
                "sha256:0e04d61f0064b545b989126197930807c86bcbd4534d39168f4aa5fda39bb8f9",
                "sha256:12e5e7471f9b637762453da74e390e56cc43e486a88289995c1f4c1dc0bfe727",
                "sha256:22fd0f42ad15dfdde6c581347eaa4adb9a6fc4b865f90b23378aa7914895e120",
                "sha256:238c197fc275b475e87c1453b05b467d2d02c2915fdfdd4af126145ff2e4610c",
                "sha256:3b570f84a6161cf8865c4e08adf629441f56e32f180f7aa4ccbd2e0a5a02cba2",
                "sha256:463822e2f0d81459e113372a168f2ff59723e78528f91f0bd25680ac185cf797",
                "sha256:4d98abdd6b1e3bf1a1cbb14c3895226816e666749ac040c4e2554231068c639b",
                "sha256:5afe6b237a0b81bd54b53f835a153770802f164c5570bab5e005aad693dab87f",
                "sha256:5b70110acb39f3aff6b74cf09bb4169b167e2660dabc304c1e25b6555fa781ef",
                "sha256:5cbf3e3b1014dddc45496e8cf38b9f099c95a326275885199f427825c6522232",
                "sha256:624b977355cde8b065f6d51b98497d6cd5fbdd4f36405f7a8790e3376125e2bb",
                "sha256:63728564c1410d99e6d1ae8e3b810fe012bc440952168af0a2877e8ff5ab96b9",
                "sha256:66cc56579fd91f517290ab02c51e3a80f581aba45fd924fcdee01fa06e635812",
                "sha256:6c32cc3145928c4305d142ebec682419a6c0a8ce9e33db900027ddca1ec39178",
                "sha256:8b56553c0345ad6dcb2e9b433ae47d67f95fc23fe28a0bde15a120f25257e291",
                "sha256:8bb1e155a74e1bfbacd84555ea62fa21c58e0b4e7e6b20e4447b8d07990ac78b",
                "sha256:95d5ef984eff897850f3a83883363da64aae1000e79cb3c321915468e8c6add5",
                "sha256:a013cbe25d20c2e0c4e85a9daf438f85121a4d0344ddc76e33fd7e3965d9af4b",
                "sha256:a787ab10d7bb5494e5f76536ac460741788f1fbce851068d73a87ca7c35fc3e1",
                "sha256:a7d5e9fad90eff8f6f6106d3b98b553a88b6f976e51fce287192a5d2d5363713",
                "sha256:aac00e4bc94d1b7813fe882c28990c1bc2f9d0e1aa765a5f2b516e8a6a16a9e4",
                "sha256:b91c36492a4bbb1ee855b7d16fe51379e5f96b85692dc8210831fbb24c43e484",
                "sha256:c03c07ed32c5324939b19e36ae5f75c660c81461e312a41aea30acdd46f93a7c",
                "sha256:c5236606e8570542ed424849f7852a0ff0bce2c4c8d0ba05cc202a5a9c97dee9",
                "sha256:c6b39294464b03457f9064e98c124e09008b35a62e3189d3513e5148611c9388",
                "sha256:cb7a09e173903541fa888ba010c345893cd9fc1b5891aaf060f6ca77b6a3722d",
                "sha256:d68cb92c408261f806b15923834203f024110a2e2872ecb0bd2a110f89d3c602",
                "sha256:dc38f57d8f20f06dd7c3161c59ca2c86893632623f33a42d592f097b00f720a9",
                "sha256:e98eca29a05913e82177b3ba3d198b1728e164869c613d76d0de4bde6768a50e",
                "sha256:f217c3954ce5fd88303fc0c317af55d5e0204106d86dea17eb8205700d47dec2"
            ],
            "index": "pypi",
            "version": "==8.2.0"
        },
        "pluggy": {
            "hashes": [
                "sha256:15b2acde666561e1298d71b523007ed7364de07029219b604cf808bfa1c765b0",
                "sha256:966c145cd83c96502c3c3868f50408687b38434af77734af1e9ca461a4081d2d"
            ],
            "version": "==0.13.1"
        },
        "py": {
            "hashes": [
                "sha256:21b81bda15b66ef5e1a777a21c4dcd9c20ad3efd0b3f817e7a809035269e1bd3",
                "sha256:3b80836aa6d1feeaa108e046da6423ab8f6ceda6468545ae8d02d9d58d18818a"
            ],
            "version": "==1.10.0"
        },
        "pytest": {
            "hashes": [
                "sha256:3773f4c235918987d51daf1db66d51c99fac654c81d6f2f709a046ab446d5e5d",
                "sha256:b7802283b70ca24d7119b32915efa7c409982f59913c1a6c0640aacf118b95f5"
            ],
            "index": "pypi",
            "version": "==4.4.1"
        },
        "six": {
            "hashes": [
                "sha256:1e61c37477a1626458e36f7b1d82aa5c9b094fa4802892072e49de9c60c4c926",
                "sha256:8abb2f1d86890a2dfb989f9a77cfcfd3e47c2a354b01111771326f8aa26e0254"
            ],
            "version": "==1.16.0"
        },
        "typing-extensions": {
            "hashes": [
                "sha256:0ac0f89795dd19de6b97debb0c6af1c70987fd80a2d62d1958f7e56fcc31b497",
                "sha256:50b6f157849174217d0656f99dc82fe932884fb250826c18350e159ec6cdf342",
                "sha256:779383f6086d90c99ae41cf0ff39aac8a7937a9283ce0a414e5dd782f4c94a84"
            ],
            "markers": "python_version < '3.8'",
            "version": "==3.10.0.0"
        },
        "zipp": {
            "hashes": [
                "sha256:3607921face881ba3e026887d8150cca609d517579abe052ac81fc5aeffdbd76",
                "sha256:51cb66cc54621609dd593d1787f286ee42a5c0adbb4b29abea5a63edc3e03098"
            ],
            "version": "==3.4.1"
        }
    }
}
